
Microsoft Visual Studio Solution File, Format Version 12.00
# Visual Studio Version 16
VisualStudioVersion = 16.0.31424.327
MinimumVisualStudioVersion = 10.0.40219.1
Project("{FAE04EC0-301F-11D3-BF4B-00C04F79EFBC}") = "PaLab2", "PaLab2\PaLab2.csproj", "{4E297662-E13A-4CB7-8951-F0D3F1A284B8}"
EndProject
Global
	GlobalSection(SolutionConfigurationPlatforms) = preSolution
		Debug|Any CPU = Debug|Any CPU
		Release|Any CPU = Release|Any CPU
	EndGlobalSection
	GlobalSection(ProjectConfigurationPlatforms) = postSolution
		{4E297662-E13A-4CB7-8951-F0D3F1A284B8}.Debug|Any CPU.ActiveCfg = Debug|Any CPU
		{4E297662-E13A-4CB7-8951-F0D3F1A284B8}.Debug|Any CPU.Build.0 = Debug|Any CPU
		{4E297662-E13A-4CB7-8951-F0D3F1A284B8}.Release|Any CPU.ActiveCfg = Release|Any CPU
		{4E297662-E13A-4CB7-8951-F0D3F1A284B8}.Release|Any CPU.Build.0 = Release|Any CPU
	EndGlobalSection
	GlobalSection(SolutionProperties) = preSolution
		HideSolutionNode = FALSE
	EndGlobalSection
	GlobalSection(ExtensibilityGlobals) = postSolution
		SolutionGuid = {62DDF5A9-CDA1-49CE-8DCE-23B94C27DFC0}
	EndGlobalSection
EndGlobal
